
Microsoft Visual Studio Solution File, Format Version 12.00
# Visual Studio Version 16
VisualStudioVersion = 16.0.30011.22
MinimumVisualStudioVersion = 10.0.40219.1
Project("{8BC9CEB8-8B4A-11D0-8D11-00A0C91BC942}") = "Project5", "Project5\Project5.vcxproj", "{BD01FFC2-D8C5-422C-B91E-4EC7D7F5B288}"
EndProject
Global
	GlobalSection(SolutionConfigurationPlatforms) = preSolution
		Debug|x64 = Debug|x64
		Debug|x86 = Debug|x86
		Release|x64 = Release|x64
		Release|x86 = Release|x86
	EndGlobalSection
	GlobalSection(ProjectConfigurationPlatforms) = postSolution
		{BD01FFC2-D8C5-422C-B91E-4EC7D7F5B288}.Debug|x64.ActiveCfg = Debug|x64
		{BD01FFC2-D8C5-422C-B91E-4EC7D7F5B288}.Debug|x64.Build.0 = Debug|x64
		{BD01FFC2-D8C5-422C-B91E-4EC7D7F5B288}.Debug|x86.ActiveCfg = Debug|Win32
		{BD01FFC2-D8C5-422C-B91E-4EC7D7F5B288}.Debug|x86.Build.0 = Debug|Win32
		{BD01FFC2-D8C5-422C-B91E-4EC7D7F5B288}.Release|x64.ActiveCfg = Release|x64
		{BD01FFC2-D8C5-422C-B91E-4EC7D7F5B288}.Release|x64.Build.0 = Release|x64
		{BD01FFC2-D8C5-422C-B91E-4EC7D7F5B288}.Release|x86.ActiveCfg = Release|Win32
		{BD01FFC2-D8C5-422C-B91E-4EC7D7F5B288}.Release|x86.Build.0 = Release|Win32
	EndGlobalSection
	GlobalSection(SolutionProperties) = preSolution
		HideSolutionNode = FALSE
	EndGlobalSection
	GlobalSection(ExtensibilityGlobals) = postSolution
		SolutionGuid = {49AD5428-3955-47F1-B490-CA5B59109198}
	EndGlobalSection
EndGlobal
